
Microsoft Visual Studio Solution File, Format Version 12.00
# Visual Studio Version 17
VisualStudioVersion = 17.0.31717.71
MinimumVisualStudioVersion = 10.0.40219.1
Project("{9A19103F-16F7-4668-BE54-9A1E7A4F7556}") = "PlayCatelogServiceApp", "PlayCatelogServiceApp.csproj", "{9457BB04-553C-47B3-AF85-31FAA9317662}"
EndProject
Project("{9A19103F-16F7-4668-BE54-9A1E7A4F7556}") = "PlayCommonApp", "..\PlayCommonApp\PlayCommonApp.csproj", "{02539F4D-F098-4C1D-821D-021F56B72053}"
EndProject
Project("{2150E333-8FDC-42A3-9474-1A3956D46DE8}") = "DockerFiles", "DockerFiles", "{AC2F65F1-6CB5-4FD7-BA83-A58C982D6815}"
	ProjectSection(SolutionItems) = preProject
		docker-compose.yml = docker-compose.yml
	EndProjectSection
EndProject
Project("{9A19103F-16F7-4668-BE54-9A1E7A4F7556}") = "PlayInventoryServiceApp", "..\PlayInventoryServiceApp\PlayInventoryServiceApp.csproj", "{4CE50E19-B006-4B7C-AB73-589D925F6819}"
EndProject
Project("{9A19103F-16F7-4668-BE54-9A1E7A4F7556}") = "SampleApiApp", "..\SampleApiApp\SampleApiApp.csproj", "{56CC504C-83ED-4D27-AAA6-A634273EC9BC}"
EndProject
Project("{9A19103F-16F7-4668-BE54-9A1E7A4F7556}") = "SampleContracts", "..\SampleContracts\SampleContracts.csproj", "{4CB3211E-3344-4933-A737-6CA7B654ED44}"
EndProject
Project("{9A19103F-16F7-4668-BE54-9A1E7A4F7556}") = "SampleComponents", "..\SampleComponents\SampleComponents.csproj", "{338C85C8-3271-460B-A9A2-2680704F70EF}"
EndProject
Project("{2150E333-8FDC-42A3-9474-1A3956D46DE8}") = "Solution Items", "Solution Items", "{55850BAE-8112-4DEF-A52C-756B301CD535}"
	ProjectSection(SolutionItems) = preProject
		Start From.txt = Start From.txt
	EndProjectSection
EndProject
Project("{FAE04EC0-301F-11D3-BF4B-00C04F79EFBC}") = "PlayCategoryContractsApp", "..\PlayCategoryContractsApp\PlayCategoryContractsApp.csproj", "{2FD478E9-B620-471D-8908-DE574AA08CD5}"
EndProject
Global
	GlobalSection(SolutionConfigurationPlatforms) = preSolution
		Debug|Any CPU = Debug|Any CPU
		Release|Any CPU = Release|Any CPU
	EndGlobalSection
	GlobalSection(ProjectConfigurationPlatforms) = postSolution
		{9457BB04-553C-47B3-AF85-31FAA9317662}.Debug|Any CPU.ActiveCfg = Debug|Any CPU
		{9457BB04-553C-47B3-AF85-31FAA9317662}.Debug|Any CPU.Build.0 = Debug|Any CPU
		{9457BB04-553C-47B3-AF85-31FAA9317662}.Release|Any CPU.ActiveCfg = Release|Any CPU
		{9457BB04-553C-47B3-AF85-31FAA9317662}.Release|Any CPU.Build.0 = Release|Any CPU
		{02539F4D-F098-4C1D-821D-021F56B72053}.Debug|Any CPU.ActiveCfg = Debug|Any CPU
		{02539F4D-F098-4C1D-821D-021F56B72053}.Debug|Any CPU.Build.0 = Debug|Any CPU
		{02539F4D-F098-4C1D-821D-021F56B72053}.Release|Any CPU.ActiveCfg = Release|Any CPU
		{02539F4D-F098-4C1D-821D-021F56B72053}.Release|Any CPU.Build.0 = Release|Any CPU
		{4CE50E19-B006-4B7C-AB73-589D925F6819}.Debug|Any CPU.ActiveCfg = Debug|Any CPU
		{4CE50E19-B006-4B7C-AB73-589D925F6819}.Debug|Any CPU.Build.0 = Debug|Any CPU
		{4CE50E19-B006-4B7C-AB73-589D925F6819}.Release|Any CPU.ActiveCfg = Release|Any CPU
		{4CE50E19-B006-4B7C-AB73-589D925F6819}.Release|Any CPU.Build.0 = Release|Any CPU
		{56CC504C-83ED-4D27-AAA6-A634273EC9BC}.Debug|Any CPU.ActiveCfg = Debug|Any CPU
		{56CC504C-83ED-4D27-AAA6-A634273EC9BC}.Debug|Any CPU.Build.0 = Debug|Any CPU
		{56CC504C-83ED-4D27-AAA6-A634273EC9BC}.Release|Any CPU.ActiveCfg = Release|Any CPU
		{56CC504C-83ED-4D27-AAA6-A634273EC9BC}.Release|Any CPU.Build.0 = Release|Any CPU
		{4CB3211E-3344-4933-A737-6CA7B654ED44}.Debug|Any CPU.ActiveCfg = Debug|Any CPU
		{4CB3211E-3344-4933-A737-6CA7B654ED44}.Debug|Any CPU.Build.0 = Debug|Any CPU
		{4CB3211E-3344-4933-A737-6CA7B654ED44}.Release|Any CPU.ActiveCfg = Release|Any CPU
		{4CB3211E-3344-4933-A737-6CA7B654ED44}.Release|Any CPU.Build.0 = Release|Any CPU
		{338C85C8-3271-460B-A9A2-2680704F70EF}.Debug|Any CPU.ActiveCfg = Debug|Any CPU
		{338C85C8-3271-460B-A9A2-2680704F70EF}.Debug|Any CPU.Build.0 = Debug|Any CPU
		{338C85C8-3271-460B-A9A2-2680704F70EF}.Release|Any CPU.ActiveCfg = Release|Any CPU
		{338C85C8-3271-460B-A9A2-2680704F70EF}.Release|Any CPU.Build.0 = Release|Any CPU
		{2FD478E9-B620-471D-8908-DE574AA08CD5}.Debug|Any CPU.ActiveCfg = Debug|Any CPU
		{2FD478E9-B620-471D-8908-DE574AA08CD5}.Debug|Any CPU.Build.0 = Debug|Any CPU
		{2FD478E9-B620-471D-8908-DE574AA08CD5}.Release|Any CPU.ActiveCfg = Release|Any CPU
		{2FD478E9-B620-471D-8908-DE574AA08CD5}.Release|Any CPU.Build.0 = Release|Any CPU
	EndGlobalSection
	GlobalSection(SolutionProperties) = preSolution
		HideSolutionNode = FALSE
	EndGlobalSection
	GlobalSection(ExtensibilityGlobals) = postSolution
		SolutionGuid = {6171C4A3-AC30-41D6-979E-825CA46F432E}
	EndGlobalSection
EndGlobal
